// !$*UTF8*$!
{
	archiveVersion = 1;
	classes = {
	};
	objectVersion = 56;
	objects = {

/* Begin PBXBuildFile section */
		60EDB2A9298E973A00281120 /* AppDelegate.swift in Sources */ = {isa = PBXBuildFile; fileRef = 60EDB2A8298E973A00281120 /* AppDelegate.swift */; };
		60EDB2AB298E973A00281120 /* SceneDelegate.swift in Sources */ = {isa = PBXBuildFile; fileRef = 60EDB2AA298E973A00281120 /* SceneDelegate.swift */; };
		60EDB2AD298E973A00281120 /* CatsListViewController.swift in Sources */ = {isa = PBXBuildFile; fileRef = 60EDB2AC298E973A00281120 /* CatsListViewController.swift */; };
		60EDB2B2298E973D00281120 /* Assets.xcassets in Resources */ = {isa = PBXBuildFile; fileRef = 60EDB2B1298E973D00281120 /* Assets.xcassets */; };
		60EDB2B5298E973D00281120 /* LaunchScreen.storyboard in Resources */ = {isa = PBXBuildFile; fileRef = 60EDB2B3298E973D00281120 /* LaunchScreen.storyboard */; };
		60EDB2C0298E973D00281120 /* ImgurCatsTests.swift in Sources */ = {isa = PBXBuildFile; fileRef = 60EDB2BF298E973D00281120 /* ImgurCatsTests.swift */; };
		60EDB2DB298EA4FB00281120 /* HttpMethod.swift in Sources */ = {isa = PBXBuildFile; fileRef = 60EDB2DA298EA4FB00281120 /* HttpMethod.swift */; };
		60EDB2DD298EA58C00281120 /* NetworkService.swift in Sources */ = {isa = PBXBuildFile; fileRef = 60EDB2DC298EA58C00281120 /* NetworkService.swift */; };
		60EDB2DF298EA5C000281120 /* NetworkError.swift in Sources */ = {isa = PBXBuildFile; fileRef = 60EDB2DE298EA5C000281120 /* NetworkError.swift */; };
		60EDB2E1298EA64800281120 /* Endpoint.swift in Sources */ = {isa = PBXBuildFile; fileRef = 60EDB2E0298EA64800281120 /* Endpoint.swift */; };
		60EDB2E3298EA7E100281120 /* ID.plist in Resources */ = {isa = PBXBuildFile; fileRef = 60EDB2E2298EA7E100281120 /* ID.plist */; };
		60EDB2E5298EA8D100281120 /* CatsImagesService.swift in Sources */ = {isa = PBXBuildFile; fileRef = 60EDB2E4298EA8D100281120 /* CatsImagesService.swift */; };
		60EDB2E8298EA95C00281120 /* Cats.swift in Sources */ = {isa = PBXBuildFile; fileRef = 60EDB2E7298EA95C00281120 /* Cats.swift */; };
		60EDB2ED298ECFA300281120 /* CatsListViewModel.swift in Sources */ = {isa = PBXBuildFile; fileRef = 60EDB2EC298ECFA300281120 /* CatsListViewModel.swift */; };
/* End PBXBuildFile section */

/* Begin PBXContainerItemProxy section */
		60EDB2BC298E973D00281120 /* PBXContainerItemProxy */ = {
			isa = PBXContainerItemProxy;
			containerPortal = 60EDB29D298E973A00281120 /* Project object */;
			proxyType = 1;
			remoteGlobalIDString = 60EDB2A4298E973A00281120;
			remoteInfo = ImgurCats;
		};
/* End PBXContainerItemProxy section */

/* Begin PBXFileReference section */
		60EDB2A5298E973A00281120 /* ImgurCats.app */ = {isa = PBXFileReference; explicitFileType = wrapper.application; includeInIndex = 0; path = ImgurCats.app; sourceTree = BUILT_PRODUCTS_DIR; };
		60EDB2A8298E973A00281120 /* AppDelegate.swift */ = {isa = PBXFileReference; lastKnownFileType = sourcecode.swift; path = AppDelegate.swift; sourceTree = "<group>"; };
		60EDB2AA298E973A00281120 /* SceneDelegate.swift */ = {isa = PBXFileReference; lastKnownFileType = sourcecode.swift; path = SceneDelegate.swift; sourceTree = "<group>"; };
		60EDB2AC298E973A00281120 /* CatsListViewController.swift */ = {isa = PBXFileReference; lastKnownFileType = sourcecode.swift; path = CatsListViewController.swift; sourceTree = "<group>"; };
		60EDB2B1298E973D00281120 /* Assets.xcassets */ = {isa = PBXFileReference; lastKnownFileType = folder.assetcatalog; path = Assets.xcassets; sourceTree = "<group>"; };
		60EDB2B4298E973D00281120 /* Base */ = {isa = PBXFileReference; lastKnownFileType = file.storyboard; name = Base; path = Base.lproj/LaunchScreen.storyboard; sourceTree = "<group>"; };
		60EDB2B6298E973D00281120 /* Info.plist */ = {isa = PBXFileReference; lastKnownFileType = text.plist.xml; path = Info.plist; sourceTree = "<group>"; };
		60EDB2BB298E973D00281120 /* ImgurCatsTests.xctest */ = {isa = PBXFileReference; explicitFileType = wrapper.cfbundle; includeInIndex = 0; path = ImgurCatsTests.xctest; sourceTree = BUILT_PRODUCTS_DIR; };
		60EDB2BF298E973D00281120 /* ImgurCatsTests.swift */ = {isa = PBXFileReference; lastKnownFileType = sourcecode.swift; path = ImgurCatsTests.swift; sourceTree = "<group>"; };
		60EDB2DA298EA4FB00281120 /* HttpMethod.swift */ = {isa = PBXFileReference; lastKnownFileType = sourcecode.swift; path = HttpMethod.swift; sourceTree = "<group>"; };
		60EDB2DC298EA58C00281120 /* NetworkService.swift */ = {isa = PBXFileReference; lastKnownFileType = sourcecode.swift; path = NetworkService.swift; sourceTree = "<group>"; };
		60EDB2DE298EA5C000281120 /* NetworkError.swift */ = {isa = PBXFileReference; lastKnownFileType = sourcecode.swift; path = NetworkError.swift; sourceTree = "<group>"; };
		60EDB2E0298EA64800281120 /* Endpoint.swift */ = {isa = PBXFileReference; lastKnownFileType = sourcecode.swift; path = Endpoint.swift; sourceTree = "<group>"; };
		60EDB2E2298EA7E100281120 /* ID.plist */ = {isa = PBXFileReference; lastKnownFileType = text.plist.xml; path = ID.plist; sourceTree = "<group>"; };
		60EDB2E4298EA8D100281120 /* CatsImagesService.swift */ = {isa = PBXFileReference; lastKnownFileType = sourcecode.swift; path = CatsImagesService.swift; sourceTree = "<group>"; };
		60EDB2E7298EA95C00281120 /* Cats.swift */ = {isa = PBXFileReference; lastKnownFileType = sourcecode.swift; path = Cats.swift; sourceTree = "<group>"; };
		60EDB2EC298ECFA300281120 /* CatsListViewModel.swift */ = {isa = PBXFileReference; lastKnownFileType = sourcecode.swift; path = CatsListViewModel.swift; sourceTree = "<group>"; };
/* End PBXFileReference section */

/* Begin PBXFrameworksBuildPhase section */
		60EDB2A2298E973A00281120 /* Frameworks */ = {
			isa = PBXFrameworksBuildPhase;
			buildActionMask = 2147483647;
			files = (
			);
			runOnlyForDeploymentPostprocessing = 0;
		};
		60EDB2B8298E973D00281120 /* Frameworks */ = {
			isa = PBXFrameworksBuildPhase;
			buildActionMask = 2147483647;
			files = (
			);
			runOnlyForDeploymentPostprocessing = 0;
		};
/* End PBXFrameworksBuildPhase section */

/* Begin PBXGroup section */
		60EDB29C298E973A00281120 = {
			isa = PBXGroup;
			children = (
				60EDB2A7298E973A00281120 /* ImgurCats */,
				60EDB2BE298E973D00281120 /* ImgurCatsTests */,
				60EDB2A6298E973A00281120 /* Products */,
			);
			sourceTree = "<group>";
		};
		60EDB2A6298E973A00281120 /* Products */ = {
			isa = PBXGroup;
			children = (
				60EDB2A5298E973A00281120 /* ImgurCats.app */,
				60EDB2BB298E973D00281120 /* ImgurCatsTests.xctest */,
			);
			name = Products;
			sourceTree = "<group>";
		};
		60EDB2A7298E973A00281120 /* ImgurCats */ = {
			isa = PBXGroup;
			children = (
				60EDB2E9298ECF5400281120 /* CatsList */,
				60EDB2E6298EA95100281120 /* Model */,
				60EDB2D8298EA3E400281120 /* Service */,
				60EDB2A8298E973A00281120 /* AppDelegate.swift */,
				60EDB2AA298E973A00281120 /* SceneDelegate.swift */,
				60EDB2B1298E973D00281120 /* Assets.xcassets */,
				60EDB2B3298E973D00281120 /* LaunchScreen.storyboard */,
				60EDB2B6298E973D00281120 /* Info.plist */,
			);
			path = ImgurCats;
			sourceTree = "<group>";
		};
		60EDB2BE298E973D00281120 /* ImgurCatsTests */ = {
			isa = PBXGroup;
			children = (
				60EDB2BF298E973D00281120 /* ImgurCatsTests.swift */,
			);
			path = ImgurCatsTests;
			sourceTree = "<group>";
		};
		60EDB2D8298EA3E400281120 /* Service */ = {
			isa = PBXGroup;
			children = (
				60EDB2D9298EA4DD00281120 /* Network */,
				60EDB2E4298EA8D100281120 /* CatsImagesService.swift */,
			);
			path = Service;
			sourceTree = "<group>";
		};
		60EDB2D9298EA4DD00281120 /* Network */ = {
			isa = PBXGroup;
			children = (
				60EDB2DA298EA4FB00281120 /* HttpMethod.swift */,
				60EDB2DC298EA58C00281120 /* NetworkService.swift */,
				60EDB2DE298EA5C000281120 /* NetworkError.swift */,
				60EDB2E0298EA64800281120 /* Endpoint.swift */,
				60EDB2E2298EA7E100281120 /* ID.plist */,
			);
			path = Network;
			sourceTree = "<group>";
		};
		60EDB2E6298EA95100281120 /* Model */ = {
			isa = PBXGroup;
			children = (
				60EDB2E7298EA95C00281120 /* Cats.swift */,
			);
			path = Model;
			sourceTree = "<group>";
		};
		60EDB2E9298ECF5400281120 /* CatsList */ = {
			isa = PBXGroup;
			children = (
				60EDB2EB298ECF9400281120 /* ViewModel */,
				60EDB2EA298ECF6E00281120 /* View */,
			);
			path = CatsList;
			sourceTree = "<group>";
		};
		60EDB2EA298ECF6E00281120 /* View */ = {
			isa = PBXGroup;
			children = (
				60EDB2AC298E973A00281120 /* CatsListViewController.swift */,
			);
			path = View;
			sourceTree = "<group>";
		};
		60EDB2EB298ECF9400281120 /* ViewModel */ = {
			isa = PBXGroup;
			children = (
				60EDB2EC298ECFA300281120 /* CatsListViewModel.swift */,
			);
			path = ViewModel;
			sourceTree = "<group>";
		};
/* End PBXGroup section */

/* Begin PBXNativeTarget section */
		60EDB2A4298E973A00281120 /* ImgurCats */ = {
			isa = PBXNativeTarget;
			buildConfigurationList = 60EDB2CF298E973D00281120 /* Build configuration list for PBXNativeTarget "ImgurCats" */;
			buildPhases = (
				60EDB2A1298E973A00281120 /* Sources */,
				60EDB2A2298E973A00281120 /* Frameworks */,
				60EDB2A3298E973A00281120 /* Resources */,
			);
			buildRules = (
			);
			dependencies = (
			);
			name = ImgurCats;
			productName = ImgurCats;
			productReference = 60EDB2A5298E973A00281120 /* ImgurCats.app */;
			productType = "com.apple.product-type.application";
		};
		60EDB2BA298E973D00281120 /* ImgurCatsTests */ = {
			isa = PBXNativeTarget;
			buildConfigurationList = 60EDB2D2298E973D00281120 /* Build configuration list for PBXNativeTarget "ImgurCatsTests" */;
			buildPhases = (
				60EDB2B7298E973D00281120 /* Sources */,
				60EDB2B8298E973D00281120 /* Frameworks */,
				60EDB2B9298E973D00281120 /* Resources */,
			);
			buildRules = (
			);
			dependencies = (
				60EDB2BD298E973D00281120 /* PBXTargetDependency */,
			);
			name = ImgurCatsTests;
			productName = ImgurCatsTests;
			productReference = 60EDB2BB298E973D00281120 /* ImgurCatsTests.xctest */;
			productType = "com.apple.product-type.bundle.unit-test";
		};
/* End PBXNativeTarget section */

/* Begin PBXProject section */
		60EDB29D298E973A00281120 /* Project object */ = {
			isa = PBXProject;
			attributes = {
				BuildIndependentTargetsInParallel = 1;
				LastSwiftUpdateCheck = 1420;
				LastUpgradeCheck = 1420;
				TargetAttributes = {
					60EDB2A4298E973A00281120 = {
						CreatedOnToolsVersion = 14.2;
					};
					60EDB2BA298E973D00281120 = {
						CreatedOnToolsVersion = 14.2;
						TestTargetID = 60EDB2A4298E973A00281120;
					};
				};
			};
			buildConfigurationList = 60EDB2A0298E973A00281120 /* Build configuration list for PBXProject "ImgurCats" */;
			compatibilityVersion = "Xcode 14.0";
			developmentRegion = en;
			hasScannedForEncodings = 0;
			knownRegions = (
				en,
				Base,
			);
			mainGroup = 60EDB29C298E973A00281120;
			productRefGroup = 60EDB2A6298E973A00281120 /* Products */;
			projectDirPath = "";
			projectRoot = "";
			targets = (
				60EDB2A4298E973A00281120 /* ImgurCats */,
				60EDB2BA298E973D00281120 /* ImgurCatsTests */,
			);
		};
/* End PBXProject section */

/* Begin PBXResourcesBuildPhase section */
		60EDB2A3298E973A00281120 /* Resources */ = {
			isa = PBXResourcesBuildPhase;
			buildActionMask = 2147483647;
			files = (
				60EDB2B5298E973D00281120 /* LaunchScreen.storyboard in Resources */,
				60EDB2E3298EA7E100281120 /* ID.plist in Resources */,
				60EDB2B2298E973D00281120 /* Assets.xcassets in Resources */,
			);
			runOnlyForDeploymentPostprocessing = 0;
		};
		60EDB2B9298E973D00281120 /* Resources */ = {
			isa = PBXResourcesBuildPhase;
			buildActionMask = 2147483647;
			files = (
			);
			runOnlyForDeploymentPostprocessing = 0;
		};
/* End PBXResourcesBuildPhase section */

/* Begin PBXSourcesBuildPhase section */
		60EDB2A1298E973A00281120 /* Sources */ = {
			isa = PBXSourcesBuildPhase;
			buildActionMask = 2147483647;
			files = (
				60EDB2E5298EA8D100281120 /* CatsImagesService.swift in Sources */,
				60EDB2E8298EA95C00281120 /* Cats.swift in Sources */,
				60EDB2E1298EA64800281120 /* Endpoint.swift in Sources */,
				60EDB2DD298EA58C00281120 /* NetworkService.swift in Sources */,
				60EDB2DB298EA4FB00281120 /* HttpMethod.swift in Sources */,
				60EDB2AD298E973A00281120 /* CatsListViewController.swift in Sources */,
				60EDB2DF298EA5C000281120 /* NetworkError.swift in Sources */,
				60EDB2ED298ECFA300281120 /* CatsListViewModel.swift in Sources */,
				60EDB2A9298E973A00281120 /* AppDelegate.swift in Sources */,
				60EDB2AB298E973A00281120 /* SceneDelegate.swift in Sources */,
			);
			runOnlyForDeploymentPostprocessing = 0;
		};
		60EDB2B7298E973D00281120 /* Sources */ = {
			isa = PBXSourcesBuildPhase;
			buildActionMask = 2147483647;
			files = (
				60EDB2C0298E973D00281120 /* ImgurCatsTests.swift in Sources */,
			);
			runOnlyForDeploymentPostprocessing = 0;
		};
/* End PBXSourcesBuildPhase section */

/* Begin PBXTargetDependency section */
		60EDB2BD298E973D00281120 /* PBXTargetDependency */ = {
			isa = PBXTargetDependency;
			target = 60EDB2A4298E973A00281120 /* ImgurCats */;
			targetProxy = 60EDB2BC298E973D00281120 /* PBXContainerItemProxy */;
		};
/* End PBXTargetDependency section */

/* Begin PBXVariantGroup section */
		60EDB2B3298E973D00281120 /* LaunchScreen.storyboard */ = {
			isa = PBXVariantGroup;
			children = (
				60EDB2B4298E973D00281120 /* Base */,
			);
			name = LaunchScreen.storyboard;
			sourceTree = "<group>";
		};
/* End PBXVariantGroup section */

/* Begin XCBuildConfiguration section */
		60EDB2CD298E973D00281120 /* Debug */ = {
			isa = XCBuildConfiguration;
			buildSettings = {
				ALWAYS_SEARCH_USER_PATHS = NO;
				CLANG_ANALYZER_NONNULL = YES;
				CLANG_ANALYZER_NUMBER_OBJECT_CONVERSION = YES_AGGRESSIVE;
				CLANG_CXX_LANGUAGE_STANDARD = "gnu++20";
				CLANG_ENABLE_MODULES = YES;
				CLANG_ENABLE_OBJC_ARC = YES;
				CLANG_ENABLE_OBJC_WEAK = YES;
				CLANG_WARN_BLOCK_CAPTURE_AUTORELEASING = YES;
				CLANG_WARN_BOOL_CONVERSION = YES;
				CLANG_WARN_COMMA = YES;
				CLANG_WARN_CONSTANT_CONVERSION = YES;
				CLANG_WARN_DEPRECATED_OBJC_IMPLEMENTATIONS = YES;
				CLANG_WARN_DIRECT_OBJC_ISA_USAGE = YES_ERROR;
				CLANG_WARN_DOCUMENTATION_COMMENTS = YES;
				CLANG_WARN_EMPTY_BODY = YES;
				CLANG_WARN_ENUM_CONVERSION = YES;
				CLANG_WARN_INFINITE_RECURSION = YES;
				CLANG_WARN_INT_CONVERSION = YES;
				CLANG_WARN_NON_LITERAL_NULL_CONVERSION = YES;
				CLANG_WARN_OBJC_IMPLICIT_RETAIN_SELF = YES;
				CLANG_WARN_OBJC_LITERAL_CONVERSION = YES;
				CLANG_WARN_OBJC_ROOT_CLASS = YES_ERROR;
				CLANG_WARN_QUOTED_INCLUDE_IN_FRAMEWORK_HEADER = YES;
				CLANG_WARN_RANGE_LOOP_ANALYSIS = YES;
				CLANG_WARN_STRICT_PROTOTYPES = YES;
				CLANG_WARN_SUSPICIOUS_MOVE = YES;
				CLANG_WARN_UNGUARDED_AVAILABILITY = YES_AGGRESSIVE;
				CLANG_WARN_UNREACHABLE_CODE = YES;
				CLANG_WARN__DUPLICATE_METHOD_MATCH = YES;
				COPY_PHASE_STRIP = NO;
				DEBUG_INFORMATION_FORMAT = dwarf;
				ENABLE_STRICT_OBJC_MSGSEND = YES;
				ENABLE_TESTABILITY = YES;
				GCC_C_LANGUAGE_STANDARD = gnu11;
				GCC_DYNAMIC_NO_PIC = NO;
				GCC_NO_COMMON_BLOCKS = YES;
				GCC_OPTIMIZATION_LEVEL = 0;
				GCC_PREPROCESSOR_DEFINITIONS = (
					"DEBUG=1",
					"$(inherited)",
				);
				GCC_WARN_64_TO_32_BIT_CONVERSION = YES;
				GCC_WARN_ABOUT_RETURN_TYPE = YES_ERROR;
				GCC_WARN_UNDECLARED_SELECTOR = YES;
				GCC_WARN_UNINITIALIZED_AUTOS = YES_AGGRESSIVE;
				GCC_WARN_UNUSED_FUNCTION = YES;
				GCC_WARN_UNUSED_VARIABLE = YES;
				IPHONEOS_DEPLOYMENT_TARGET = 16.2;
				MTL_ENABLE_DEBUG_INFO = INCLUDE_SOURCE;
				MTL_FAST_MATH = YES;
				ONLY_ACTIVE_ARCH = YES;
				SDKROOT = iphoneos;
				SWIFT_ACTIVE_COMPILATION_CONDITIONS = DEBUG;
				SWIFT_OPTIMIZATION_LEVEL = "-Onone";
			};
			name = Debug;
		};
		60EDB2CE298E973D00281120 /* Release */ = {
			isa = XCBuildConfiguration;
			buildSettings = {
				ALWAYS_SEARCH_USER_PATHS = NO;
				CLANG_ANALYZER_NONNULL = YES;
				CLANG_ANALYZER_NUMBER_OBJECT_CONVERSION = YES_AGGRESSIVE;
				CLANG_CXX_LANGUAGE_STANDARD = "gnu++20";
				CLANG_ENABLE_MODULES = YES;
				CLANG_ENABLE_OBJC_ARC = YES;
				CLANG_ENABLE_OBJC_WEAK = YES;
				CLANG_WARN_BLOCK_CAPTURE_AUTORELEASING = YES;
				CLANG_WARN_BOOL_CONVERSION = YES;
				CLANG_WARN_COMMA = YES;
				CLANG_WARN_CONSTANT_CONVERSION = YES;
				CLANG_WARN_DEPRECATED_OBJC_IMPLEMENTATIONS = YES;
				CLANG_WARN_DIRECT_OBJC_ISA_USAGE = YES_ERROR;
				CLANG_WARN_DOCUMENTATION_COMMENTS = YES;
				CLANG_WARN_EMPTY_BODY = YES;
				CLANG_WARN_ENUM_CONVERSION = YES;
				CLANG_WARN_INFINITE_RECURSION = YES;
				CLANG_WARN_INT_CONVERSION = YES;
				CLANG_WARN_NON_LITERAL_NULL_CONVERSION = YES;
				CLANG_WARN_OBJC_IMPLICIT_RETAIN_SELF = YES;
				CLANG_WARN_OBJC_LITERAL_CONVERSION = YES;
				CLANG_WARN_OBJC_ROOT_CLASS = YES_ERROR;
				CLANG_WARN_QUOTED_INCLUDE_IN_FRAMEWORK_HEADER = YES;
				CLANG_WARN_RANGE_LOOP_ANALYSIS = YES;
				CLANG_WARN_STRICT_PROTOTYPES = YES;
				CLANG_WARN_SUSPICIOUS_MOVE = YES;
				CLANG_WARN_UNGUARDED_AVAILABILITY = YES_AGGRESSIVE;
				CLANG_WARN_UNREACHABLE_CODE = YES;
				CLANG_WARN__DUPLICATE_METHOD_MATCH = YES;
				COPY_PHASE_STRIP = NO;
				DEBUG_INFORMATION_FORMAT = "dwarf-with-dsym";
				ENABLE_NS_ASSERTIONS = NO;
				ENABLE_STRICT_OBJC_MSGSEND = YES;
				GCC_C_LANGUAGE_STANDARD = gnu11;
				GCC_NO_COMMON_BLOCKS = YES;
				GCC_WARN_64_TO_32_BIT_CONVERSION = YES;
				GCC_WARN_ABOUT_RETURN_TYPE = YES_ERROR;
				GCC_WARN_UNDECLARED_SELECTOR = YES;
				GCC_WARN_UNINITIALIZED_AUTOS = YES_AGGRESSIVE;
				GCC_WARN_UNUSED_FUNCTION = YES;
				GCC_WARN_UNUSED_VARIABLE = YES;
				IPHONEOS_DEPLOYMENT_TARGET = 16.2;
				MTL_ENABLE_DEBUG_INFO = NO;
				MTL_FAST_MATH = YES;
				SDKROOT = iphoneos;
				SWIFT_COMPILATION_MODE = wholemodule;
				SWIFT_OPTIMIZATION_LEVEL = "-O";
				VALIDATE_PRODUCT = YES;
			};
			name = Release;
		};
		60EDB2D0298E973D00281120 /* Debug */ = {
			isa = XCBuildConfiguration;
			buildSettings = {
				ASSETCATALOG_COMPILER_APPICON_NAME = AppIcon;
				ASSETCATALOG_COMPILER_GLOBAL_ACCENT_COLOR_NAME = AccentColor;
				CODE_SIGN_STYLE = Automatic;
				CURRENT_PROJECT_VERSION = 1;
				DEVELOPMENT_TEAM = PP645U6956;
				GENERATE_INFOPLIST_FILE = YES;
				INFOPLIST_FILE = ImgurCats/Info.plist;
				INFOPLIST_KEY_UIApplicationSupportsIndirectInputEvents = YES;
				INFOPLIST_KEY_UILaunchStoryboardName = LaunchScreen.storyboard;
				INFOPLIST_KEY_UISupportedInterfaceOrientations_iPad = "UIInterfaceOrientationPortrait UIInterfaceOrientationPortraitUpsideDown UIInterfaceOrientationLandscapeLeft UIInterfaceOrientationLandscapeRight";
				INFOPLIST_KEY_UISupportedInterfaceOrientations_iPhone = "UIInterfaceOrientationPortrait UIInterfaceOrientationLandscapeLeft UIInterfaceOrientationLandscapeRight";
				LD_RUNPATH_SEARCH_PATHS = (
					"$(inherited)",
					"@executable_path/Frameworks",
				);
				MARKETING_VERSION = 1.0;
				PRODUCT_BUNDLE_IDENTIFIER = com.giovane.ImgurCats;
				PRODUCT_NAME = "$(TARGET_NAME)";
				SWIFT_EMIT_LOC_STRINGS = YES;
				SWIFT_VERSION = 5.0;
				TARGETED_DEVICE_FAMILY = "1,2";
			};
			name = Debug;
		};
		60EDB2D1298E973D00281120 /* Release */ = {
			isa = XCBuildConfiguration;
			buildSettings = {
				ASSETCATALOG_COMPILER_APPICON_NAME = AppIcon;
				ASSETCATALOG_COMPILER_GLOBAL_ACCENT_COLOR_NAME = AccentColor;
				CODE_SIGN_STYLE = Automatic;
				CURRENT_PROJECT_VERSION = 1;
				DEVELOPMENT_TEAM = PP645U6956;
				GENERATE_INFOPLIST_FILE = YES;
				INFOPLIST_FILE = ImgurCats/Info.plist;
				INFOPLIST_KEY_UIApplicationSupportsIndirectInputEvents = YES;
				INFOPLIST_KEY_UILaunchStoryboardName = LaunchScreen.storyboard;
				INFOPLIST_KEY_UISupportedInterfaceOrientations_iPad = "UIInterfaceOrientationPortrait UIInterfaceOrientationPortraitUpsideDown UIInterfaceOrientationLandscapeLeft UIInterfaceOrientationLandscapeRight";
				INFOPLIST_KEY_UISupportedInterfaceOrientations_iPhone = "UIInterfaceOrientationPortrait UIInterfaceOrientationLandscapeLeft UIInterfaceOrientationLandscapeRight";
				LD_RUNPATH_SEARCH_PATHS = (
					"$(inherited)",
					"@executable_path/Frameworks",
				);
				MARKETING_VERSION = 1.0;
				PRODUCT_BUNDLE_IDENTIFIER = com.giovane.ImgurCats;
				PRODUCT_NAME = "$(TARGET_NAME)";
				SWIFT_EMIT_LOC_STRINGS = YES;
				SWIFT_VERSION = 5.0;
				TARGETED_DEVICE_FAMILY = "1,2";
			};
			name = Release;
		};
		60EDB2D3298E973D00281120 /* Debug */ = {
			isa = XCBuildConfiguration;
			buildSettings = {
				ALWAYS_EMBED_SWIFT_STANDARD_LIBRARIES = YES;
				BUNDLE_LOADER = "$(TEST_HOST)";
				CODE_SIGN_STYLE = Automatic;
				CURRENT_PROJECT_VERSION = 1;
				DEVELOPMENT_TEAM = PP645U6956;
				GENERATE_INFOPLIST_FILE = YES;
				IPHONEOS_DEPLOYMENT_TARGET = 16.2;
				MARKETING_VERSION = 1.0;
				PRODUCT_BUNDLE_IDENTIFIER = com.giovane.ImgurCatsTests;
				PRODUCT_NAME = "$(TARGET_NAME)";
				SWIFT_EMIT_LOC_STRINGS = NO;
				SWIFT_VERSION = 5.0;
				TARGETED_DEVICE_FAMILY = "1,2";
				TEST_HOST = "$(BUILT_PRODUCTS_DIR)/ImgurCats.app/$(BUNDLE_EXECUTABLE_FOLDER_PATH)/ImgurCats";
			};
			name = Debug;
		};
		60EDB2D4298E973D00281120 /* Release */ = {
			isa = XCBuildConfiguration;
			buildSettings = {
				ALWAYS_EMBED_SWIFT_STANDARD_LIBRARIES = YES;
				BUNDLE_LOADER = "$(TEST_HOST)";
				CODE_SIGN_STYLE = Automatic;
				CURRENT_PROJECT_VERSION = 1;
				DEVELOPMENT_TEAM = PP645U6956;
				GENERATE_INFOPLIST_FILE = YES;
				IPHONEOS_DEPLOYMENT_TARGET = 16.2;
				MARKETING_VERSION = 1.0;
				PRODUCT_BUNDLE_IDENTIFIER = com.giovane.ImgurCatsTests;
				PRODUCT_NAME = "$(TARGET_NAME)";
				SWIFT_EMIT_LOC_STRINGS = NO;
				SWIFT_VERSION = 5.0;
				TARGETED_DEVICE_FAMILY = "1,2";
				TEST_HOST = "$(BUILT_PRODUCTS_DIR)/ImgurCats.app/$(BUNDLE_EXECUTABLE_FOLDER_PATH)/ImgurCats";
			};
			name = Release;
		};
/* End XCBuildConfiguration section */

/* Begin XCConfigurationList section */
		60EDB2A0298E973A00281120 /* Build configuration list for PBXProject "ImgurCats" */ = {
			isa = XCConfigurationList;
			buildConfigurations = (
				60EDB2CD298E973D00281120 /* Debug */,
				60EDB2CE298E973D00281120 /* Release */,
			);
			defaultConfigurationIsVisible = 0;
			defaultConfigurationName = Release;
		};
		60EDB2CF298E973D00281120 /* Build configuration list for PBXNativeTarget "ImgurCats" */ = {
			isa = XCConfigurationList;
			buildConfigurations = (
				60EDB2D0298E973D00281120 /* Debug */,
				60EDB2D1298E973D00281120 /* Release */,
			);
			defaultConfigurationIsVisible = 0;
			defaultConfigurationName = Release;
		};
		60EDB2D2298E973D00281120 /* Build configuration list for PBXNativeTarget "ImgurCatsTests" */ = {
			isa = XCConfigurationList;
			buildConfigurations = (
				60EDB2D3298E973D00281120 /* Debug */,
				60EDB2D4298E973D00281120 /* Release */,
			);
			defaultConfigurationIsVisible = 0;
			defaultConfigurationName = Release;
		};
/* End XCConfigurationList section */
	};
	rootObject = 60EDB29D298E973A00281120 /* Project object */;
}
